
Microsoft Visual Studio Solution File, Format Version 12.00
# Visual Studio 2013
VisualStudioVersion = 12.0.31101.0
MinimumVisualStudioVersion = 10.0.40219.1
Project("{FAE04EC0-301F-11D3-BF4B-00C04F79EFBC}") = "SQLTransac", "SQLTransac\SQLTransac.csproj", "{2533A4FA-F760-422A-B512-48B2337CBF15}"
EndProject
Project("{FAE04EC0-301F-11D3-BF4B-00C04F79EFBC}") = "GYMManager", "GYMManager\GYMManager.csproj", "{19691C6C-08E4-4F6C-B3E1-CB77894725D3}"
EndProject
Global
	GlobalSection(SolutionConfigurationPlatforms) = preSolution
		Debug|Any CPU = Debug|Any CPU
		Release|Any CPU = Release|Any CPU
	EndGlobalSection
	GlobalSection(ProjectConfigurationPlatforms) = postSolution
		{2533A4FA-F760-422A-B512-48B2337CBF15}.Debug|Any CPU.ActiveCfg = Debug|Any CPU
		{2533A4FA-F760-422A-B512-48B2337CBF15}.Debug|Any CPU.Build.0 = Debug|Any CPU
		{2533A4FA-F760-422A-B512-48B2337CBF15}.Release|Any CPU.ActiveCfg = Release|Any CPU
		{2533A4FA-F760-422A-B512-48B2337CBF15}.Release|Any CPU.Build.0 = Release|Any CPU
		{19691C6C-08E4-4F6C-B3E1-CB77894725D3}.Debug|Any CPU.ActiveCfg = Debug|Any CPU
		{19691C6C-08E4-4F6C-B3E1-CB77894725D3}.Debug|Any CPU.Build.0 = Debug|Any CPU
		{19691C6C-08E4-4F6C-B3E1-CB77894725D3}.Release|Any CPU.ActiveCfg = Release|Any CPU
		{19691C6C-08E4-4F6C-B3E1-CB77894725D3}.Release|Any CPU.Build.0 = Release|Any CPU
	EndGlobalSection
	GlobalSection(SolutionProperties) = preSolution
		HideSolutionNode = FALSE
	EndGlobalSection
EndGlobal
